
Microsoft Visual Studio Solution File, Format Version 12.00
# Visual Studio Version 16
VisualStudioVersion = 16.0.28917.181
MinimumVisualStudioVersion = 10.0.40219.1
Project("{FAE04EC0-301F-11D3-BF4B-00C04F79EFBC}") = "TestGitWorkflow", "TestGitWorkflow\TestGitWorkflow.csproj", "{24D33FD8-4481-4201-B534-9568A8F4546E}"
EndProject
Global
	GlobalSection(SolutionConfigurationPlatforms) = preSolution
		Debug|Any CPU = Debug|Any CPU
		Release|Any CPU = Release|Any CPU
	EndGlobalSection
	GlobalSection(ProjectConfigurationPlatforms) = postSolution
		{24D33FD8-4481-4201-B534-9568A8F4546E}.Debug|Any CPU.ActiveCfg = Debug|Any CPU
		{24D33FD8-4481-4201-B534-9568A8F4546E}.Debug|Any CPU.Build.0 = Debug|Any CPU
		{24D33FD8-4481-4201-B534-9568A8F4546E}.Release|Any CPU.ActiveCfg = Release|Any CPU
		{24D33FD8-4481-4201-B534-9568A8F4546E}.Release|Any CPU.Build.0 = Release|Any CPU
	EndGlobalSection
	GlobalSection(SolutionProperties) = preSolution
		HideSolutionNode = FALSE
	EndGlobalSection
	GlobalSection(ExtensibilityGlobals) = postSolution
		SolutionGuid = {AD7D8CF8-913F-405C-A3A1-BD6964AB2DB2}
	EndGlobalSection
EndGlobal
